// !$*UTF8*$!
{
	archiveVersion = 1;
	classes = {
	};
	objectVersion = 55;
	objects = {

/* Begin PBXBuildFile section */
		7B105B0027FE79D200EE1896 /* SnackTrackApp.swift in Sources */ = {isa = PBXBuildFile; fileRef = 7B105AFF27FE79D200EE1896 /* SnackTrackApp.swift */; };
		7B105B0227FE79D200EE1896 /* ContentView.swift in Sources */ = {isa = PBXBuildFile; fileRef = 7B105B0127FE79D200EE1896 /* ContentView.swift */; };
		7B105B0427FE79D200EE1896 /* Assets.xcassets in Resources */ = {isa = PBXBuildFile; fileRef = 7B105B0327FE79D200EE1896 /* Assets.xcassets */; };
		7B105B0727FE79D200EE1896 /* Preview Assets.xcassets in Resources */ = {isa = PBXBuildFile; fileRef = 7B105B0627FE79D200EE1896 /* Preview Assets.xcassets */; };
		7B105B0F27FFBAE100EE1896 /* SnackTrackDataModel.xcdatamodeld in Sources */ = {isa = PBXBuildFile; fileRef = 7B105B0D27FFBAE100EE1896 /* SnackTrackDataModel.xcdatamodeld */; };
		7B105B1227FFC62B00EE1896 /* Item+CoreDataClass.swift in Sources */ = {isa = PBXBuildFile; fileRef = 7B105B1027FFC62B00EE1896 /* Item+CoreDataClass.swift */; };
		7B105B1327FFC62B00EE1896 /* Item+CoreDataProperties.swift in Sources */ = {isa = PBXBuildFile; fileRef = 7B105B1127FFC62B00EE1896 /* Item+CoreDataProperties.swift */; };
		7B105B1827FFC70400EE1896 /* DataController.swift in Sources */ = {isa = PBXBuildFile; fileRef = 7B105B1727FFC70400EE1896 /* DataController.swift */; };
		7B105B1A27FFCBFD00EE1896 /* AddItemView.swift in Sources */ = {isa = PBXBuildFile; fileRef = 7B105B1927FFCBFD00EE1896 /* AddItemView.swift */; };
/* End PBXBuildFile section */

/* Begin PBXFileReference section */
		7B105AFC27FE79D200EE1896 /* SnackTrack.app */ = {isa = PBXFileReference; explicitFileType = wrapper.application; includeInIndex = 0; path = SnackTrack.app; sourceTree = BUILT_PRODUCTS_DIR; };
		7B105AFF27FE79D200EE1896 /* SnackTrackApp.swift */ = {isa = PBXFileReference; lastKnownFileType = sourcecode.swift; path = SnackTrackApp.swift; sourceTree = "<group>"; };
		7B105B0127FE79D200EE1896 /* ContentView.swift */ = {isa = PBXFileReference; lastKnownFileType = sourcecode.swift; path = ContentView.swift; sourceTree = "<group>"; };
		7B105B0327FE79D200EE1896 /* Assets.xcassets */ = {isa = PBXFileReference; lastKnownFileType = folder.assetcatalog; path = Assets.xcassets; sourceTree = "<group>"; };
		7B105B0627FE79D200EE1896 /* Preview Assets.xcassets */ = {isa = PBXFileReference; lastKnownFileType = folder.assetcatalog; path = "Preview Assets.xcassets"; sourceTree = "<group>"; };
		7B105B0E27FFBAE100EE1896 /* SnackTrackDataModel.xcdatamodel */ = {isa = PBXFileReference; lastKnownFileType = wrapper.xcdatamodel; path = SnackTrackDataModel.xcdatamodel; sourceTree = "<group>"; };
		7B105B1027FFC62B00EE1896 /* Item+CoreDataClass.swift */ = {isa = PBXFileReference; lastKnownFileType = sourcecode.swift; path = "Item+CoreDataClass.swift"; sourceTree = "<group>"; };
		7B105B1127FFC62B00EE1896 /* Item+CoreDataProperties.swift */ = {isa = PBXFileReference; lastKnownFileType = sourcecode.swift; path = "Item+CoreDataProperties.swift"; sourceTree = "<group>"; };
		7B105B1727FFC70400EE1896 /* DataController.swift */ = {isa = PBXFileReference; lastKnownFileType = sourcecode.swift; path = DataController.swift; sourceTree = "<group>"; };
		7B105B1927FFCBFD00EE1896 /* AddItemView.swift */ = {isa = PBXFileReference; lastKnownFileType = sourcecode.swift; path = AddItemView.swift; sourceTree = "<group>"; };
/* End PBXFileReference section */

/* Begin PBXFrameworksBuildPhase section */
		7B105AF927FE79D200EE1896 /* Frameworks */ = {
			isa = PBXFrameworksBuildPhase;
			buildActionMask = 2147483647;
			files = (
			);
			runOnlyForDeploymentPostprocessing = 0;
		};
/* End PBXFrameworksBuildPhase section */

/* Begin PBXGroup section */
		7B105AF327FE79D200EE1896 = {
			isa = PBXGroup;
			children = (
				7B105AFE27FE79D200EE1896 /* SnackTrack */,
				7B105AFD27FE79D200EE1896 /* Products */,
			);
			sourceTree = "<group>";
		};
		7B105AFD27FE79D200EE1896 /* Products */ = {
			isa = PBXGroup;
			children = (
				7B105AFC27FE79D200EE1896 /* SnackTrack.app */,
			);
			name = Products;
			sourceTree = "<group>";
		};
		7B105AFE27FE79D200EE1896 /* SnackTrack */ = {
			isa = PBXGroup;
			children = (
				7B105B1427FFC63600EE1896 /* DataModel */,
				7B105AFF27FE79D200EE1896 /* SnackTrackApp.swift */,
				7B105B0127FE79D200EE1896 /* ContentView.swift */,
				7B105B1927FFCBFD00EE1896 /* AddItemView.swift */,
				7B105B0D27FFBAE100EE1896 /* SnackTrackDataModel.xcdatamodeld */,
				7B105B0327FE79D200EE1896 /* Assets.xcassets */,
				7B105B0527FE79D200EE1896 /* Preview Content */,
			);
			path = SnackTrack;
			sourceTree = "<group>";
		};
		7B105B0527FE79D200EE1896 /* Preview Content */ = {
			isa = PBXGroup;
			children = (
				7B105B0627FE79D200EE1896 /* Preview Assets.xcassets */,
			);
			path = "Preview Content";
			sourceTree = "<group>";
		};
		7B105B1427FFC63600EE1896 /* DataModel */ = {
			isa = PBXGroup;
			children = (
				7B105B1727FFC70400EE1896 /* DataController.swift */,
				7B105B1027FFC62B00EE1896 /* Item+CoreDataClass.swift */,
				7B105B1127FFC62B00EE1896 /* Item+CoreDataProperties.swift */,
			);
			path = DataModel;
			sourceTree = "<group>";
		};
/* End PBXGroup section */

/* Begin PBXNativeTarget section */
		7B105AFB27FE79D200EE1896 /* SnackTrack */ = {
			isa = PBXNativeTarget;
			buildConfigurationList = 7B105B0A27FE79D200EE1896 /* Build configuration list for PBXNativeTarget "SnackTrack" */;
			buildPhases = (
				7B105AF827FE79D200EE1896 /* Sources */,
				7B105AF927FE79D200EE1896 /* Frameworks */,
				7B105AFA27FE79D200EE1896 /* Resources */,
			);
			buildRules = (
			);
			dependencies = (
			);
			name = SnackTrack;
			productName = SnackTrack;
			productReference = 7B105AFC27FE79D200EE1896 /* SnackTrack.app */;
			productType = "com.apple.product-type.application";
		};
/* End PBXNativeTarget section */

/* Begin PBXProject section */
		7B105AF427FE79D200EE1896 /* Project object */ = {
			isa = PBXProject;
			attributes = {
				BuildIndependentTargetsInParallel = 1;
				LastSwiftUpdateCheck = 1330;
				LastUpgradeCheck = 1330;
				TargetAttributes = {
					7B105AFB27FE79D200EE1896 = {
						CreatedOnToolsVersion = 13.3;
					};
				};
			};
			buildConfigurationList = 7B105AF727FE79D200EE1896 /* Build configuration list for PBXProject "SnackTrack" */;
			compatibilityVersion = "Xcode 13.0";
			developmentRegion = en;
			hasScannedForEncodings = 0;
			knownRegions = (
				en,
				Base,
			);
			mainGroup = 7B105AF327FE79D200EE1896;
			productRefGroup = 7B105AFD27FE79D200EE1896 /* Products */;
			projectDirPath = "";
			projectRoot = "";
			targets = (
				7B105AFB27FE79D200EE1896 /* SnackTrack */,
			);
		};
/* End PBXProject section */

/* Begin PBXResourcesBuildPhase section */
		7B105AFA27FE79D200EE1896 /* Resources */ = {
			isa = PBXResourcesBuildPhase;
			buildActionMask = 2147483647;
			files = (
				7B105B0727FE79D200EE1896 /* Preview Assets.xcassets in Resources */,
				7B105B0427FE79D200EE1896 /* Assets.xcassets in Resources */,
			);
			runOnlyForDeploymentPostprocessing = 0;
		};
/* End PBXResourcesBuildPhase section */

/* Begin PBXSourcesBuildPhase section */
		7B105AF827FE79D200EE1896 /* Sources */ = {
			isa = PBXSourcesBuildPhase;
			buildActionMask = 2147483647;
			files = (
				7B105B0227FE79D200EE1896 /* ContentView.swift in Sources */,
				7B105B1827FFC70400EE1896 /* DataController.swift in Sources */,
				7B105B1A27FFCBFD00EE1896 /* AddItemView.swift in Sources */,
				7B105B0F27FFBAE100EE1896 /* SnackTrackDataModel.xcdatamodeld in Sources */,
				7B105B1227FFC62B00EE1896 /* Item+CoreDataClass.swift in Sources */,
				7B105B0027FE79D200EE1896 /* SnackTrackApp.swift in Sources */,
				7B105B1327FFC62B00EE1896 /* Item+CoreDataProperties.swift in Sources */,
			);
			runOnlyForDeploymentPostprocessing = 0;
		};
/* End PBXSourcesBuildPhase section */

/* Begin XCBuildConfiguration section */
		7B105B0827FE79D200EE1896 /* Debug */ = {
			isa = XCBuildConfiguration;
			buildSettings = {
				ALWAYS_SEARCH_USER_PATHS = NO;
				CLANG_ANALYZER_NONNULL = YES;
				CLANG_ANALYZER_NUMBER_OBJECT_CONVERSION = YES_AGGRESSIVE;
				CLANG_CXX_LANGUAGE_STANDARD = "gnu++17";
				CLANG_ENABLE_MODULES = YES;
				CLANG_ENABLE_OBJC_ARC = YES;
				CLANG_ENABLE_OBJC_WEAK = YES;
				CLANG_WARN_BLOCK_CAPTURE_AUTORELEASING = YES;
				CLANG_WARN_BOOL_CONVERSION = YES;
				CLANG_WARN_COMMA = YES;
				CLANG_WARN_CONSTANT_CONVERSION = YES;
				CLANG_WARN_DEPRECATED_OBJC_IMPLEMENTATIONS = YES;
				CLANG_WARN_DIRECT_OBJC_ISA_USAGE = YES_ERROR;
				CLANG_WARN_DOCUMENTATION_COMMENTS = YES;
				CLANG_WARN_EMPTY_BODY = YES;
				CLANG_WARN_ENUM_CONVERSION = YES;
				CLANG_WARN_INFINITE_RECURSION = YES;
				CLANG_WARN_INT_CONVERSION = YES;
				CLANG_WARN_NON_LITERAL_NULL_CONVERSION = YES;
				CLANG_WARN_OBJC_IMPLICIT_RETAIN_SELF = YES;
				CLANG_WARN_OBJC_LITERAL_CONVERSION = YES;
				CLANG_WARN_OBJC_ROOT_CLASS = YES_ERROR;
				CLANG_WARN_QUOTED_INCLUDE_IN_FRAMEWORK_HEADER = YES;
				CLANG_WARN_RANGE_LOOP_ANALYSIS = YES;
				CLANG_WARN_STRICT_PROTOTYPES = YES;
				CLANG_WARN_SUSPICIOUS_MOVE = YES;
				CLANG_WARN_UNGUARDED_AVAILABILITY = YES_AGGRESSIVE;
				CLANG_WARN_UNREACHABLE_CODE = YES;
				CLANG_WARN__DUPLICATE_METHOD_MATCH = YES;
				COPY_PHASE_STRIP = NO;
				DEBUG_INFORMATION_FORMAT = dwarf;
				ENABLE_STRICT_OBJC_MSGSEND = YES;
				ENABLE_TESTABILITY = YES;
				GCC_C_LANGUAGE_STANDARD = gnu11;
				GCC_DYNAMIC_NO_PIC = NO;
				GCC_NO_COMMON_BLOCKS = YES;
				GCC_OPTIMIZATION_LEVEL = 0;
				GCC_PREPROCESSOR_DEFINITIONS = (
					"DEBUG=1",
					"$(inherited)",
				);
				GCC_WARN_64_TO_32_BIT_CONVERSION = YES;
				GCC_WARN_ABOUT_RETURN_TYPE = YES_ERROR;
				GCC_WARN_UNDECLARED_SELECTOR = YES;
				GCC_WARN_UNINITIALIZED_AUTOS = YES_AGGRESSIVE;
				GCC_WARN_UNUSED_FUNCTION = YES;
				GCC_WARN_UNUSED_VARIABLE = YES;
				IPHONEOS_DEPLOYMENT_TARGET = 15.4;
				MTL_ENABLE_DEBUG_INFO = INCLUDE_SOURCE;
				MTL_FAST_MATH = YES;
				ONLY_ACTIVE_ARCH = YES;
				SDKROOT = iphoneos;
				SWIFT_ACTIVE_COMPILATION_CONDITIONS = DEBUG;
				SWIFT_OPTIMIZATION_LEVEL = "-Onone";
			};
			name = Debug;
		};
		7B105B0927FE79D200EE1896 /* Release */ = {
			isa = XCBuildConfiguration;
			buildSettings = {
				ALWAYS_SEARCH_USER_PATHS = NO;
				CLANG_ANALYZER_NONNULL = YES;
				CLANG_ANALYZER_NUMBER_OBJECT_CONVERSION = YES_AGGRESSIVE;
				CLANG_CXX_LANGUAGE_STANDARD = "gnu++17";
				CLANG_ENABLE_MODULES = YES;
				CLANG_ENABLE_OBJC_ARC = YES;
				CLANG_ENABLE_OBJC_WEAK = YES;
				CLANG_WARN_BLOCK_CAPTURE_AUTORELEASING = YES;
				CLANG_WARN_BOOL_CONVERSION = YES;
				CLANG_WARN_COMMA = YES;
				CLANG_WARN_CONSTANT_CONVERSION = YES;
				CLANG_WARN_DEPRECATED_OBJC_IMPLEMENTATIONS = YES;
				CLANG_WARN_DIRECT_OBJC_ISA_USAGE = YES_ERROR;
				CLANG_WARN_DOCUMENTATION_COMMENTS = YES;
				CLANG_WARN_EMPTY_BODY = YES;
				CLANG_WARN_ENUM_CONVERSION = YES;
				CLANG_WARN_INFINITE_RECURSION = YES;
				CLANG_WARN_INT_CONVERSION = YES;
				CLANG_WARN_NON_LITERAL_NULL_CONVERSION = YES;
				CLANG_WARN_OBJC_IMPLICIT_RETAIN_SELF = YES;
				CLANG_WARN_OBJC_LITERAL_CONVERSION = YES;
				CLANG_WARN_OBJC_ROOT_CLASS = YES_ERROR;
				CLANG_WARN_QUOTED_INCLUDE_IN_FRAMEWORK_HEADER = YES;
				CLANG_WARN_RANGE_LOOP_ANALYSIS = YES;
				CLANG_WARN_STRICT_PROTOTYPES = YES;
				CLANG_WARN_SUSPICIOUS_MOVE = YES;
				CLANG_WARN_UNGUARDED_AVAILABILITY = YES_AGGRESSIVE;
				CLANG_WARN_UNREACHABLE_CODE = YES;
				CLANG_WARN__DUPLICATE_METHOD_MATCH = YES;
				COPY_PHASE_STRIP = NO;
				DEBUG_INFORMATION_FORMAT = "dwarf-with-dsym";
				ENABLE_NS_ASSERTIONS = NO;
				ENABLE_STRICT_OBJC_MSGSEND = YES;
				GCC_C_LANGUAGE_STANDARD = gnu11;
				GCC_NO_COMMON_BLOCKS = YES;
				GCC_WARN_64_TO_32_BIT_CONVERSION = YES;
				GCC_WARN_ABOUT_RETURN_TYPE = YES_ERROR;
				GCC_WARN_UNDECLARED_SELECTOR = YES;
				GCC_WARN_UNINITIALIZED_AUTOS = YES_AGGRESSIVE;
				GCC_WARN_UNUSED_FUNCTION = YES;
				GCC_WARN_UNUSED_VARIABLE = YES;
				IPHONEOS_DEPLOYMENT_TARGET = 15.4;
				MTL_ENABLE_DEBUG_INFO = NO;
				MTL_FAST_MATH = YES;
				SDKROOT = iphoneos;
				SWIFT_COMPILATION_MODE = wholemodule;
				SWIFT_OPTIMIZATION_LEVEL = "-O";
				VALIDATE_PRODUCT = YES;
			};
			name = Release;
		};
		7B105B0B27FE79D200EE1896 /* Debug */ = {
			isa = XCBuildConfiguration;
			buildSettings = {
				ASSETCATALOG_COMPILER_APPICON_NAME = AppIcon;
				ASSETCATALOG_COMPILER_GLOBAL_ACCENT_COLOR_NAME = AccentColor;
				CODE_SIGN_STYLE = Automatic;
				CURRENT_PROJECT_VERSION = 1;
				DEVELOPMENT_ASSET_PATHS = "\"SnackTrack/Preview Content\"";
				DEVELOPMENT_TEAM = L5JT85LBXS;
				ENABLE_PREVIEWS = YES;
				GENERATE_INFOPLIST_FILE = YES;
				INFOPLIST_KEY_UIApplicationSceneManifest_Generation = YES;
				INFOPLIST_KEY_UIApplicationSupportsIndirectInputEvents = YES;
				INFOPLIST_KEY_UILaunchScreen_Generation = YES;
				INFOPLIST_KEY_UISupportedInterfaceOrientations_iPad = "UIInterfaceOrientationPortrait UIInterfaceOrientationPortraitUpsideDown UIInterfaceOrientationLandscapeLeft UIInterfaceOrientationLandscapeRight";
				INFOPLIST_KEY_UISupportedInterfaceOrientations_iPhone = "UIInterfaceOrientationPortrait UIInterfaceOrientationLandscapeLeft UIInterfaceOrientationLandscapeRight";
				LD_RUNPATH_SEARCH_PATHS = (
					"$(inherited)",
					"@executable_path/Frameworks",
				);
				MARKETING_VERSION = 1.0;
				PRODUCT_BUNDLE_IDENTIFIER = com.teamsquirrel.SnackTrack;
				PRODUCT_NAME = "$(TARGET_NAME)";
				SWIFT_EMIT_LOC_STRINGS = YES;
				SWIFT_VERSION = 5.0;
				TARGETED_DEVICE_FAMILY = "1,2";
			};
			name = Debug;
		};
		7B105B0C27FE79D200EE1896 /* Release */ = {
			isa = XCBuildConfiguration;
			buildSettings = {
				ASSETCATALOG_COMPILER_APPICON_NAME = AppIcon;
				ASSETCATALOG_COMPILER_GLOBAL_ACCENT_COLOR_NAME = AccentColor;
				CODE_SIGN_STYLE = Automatic;
				CURRENT_PROJECT_VERSION = 1;
				DEVELOPMENT_ASSET_PATHS = "\"SnackTrack/Preview Content\"";
				DEVELOPMENT_TEAM = L5JT85LBXS;
				ENABLE_PREVIEWS = YES;
				GENERATE_INFOPLIST_FILE = YES;
				INFOPLIST_KEY_UIApplicationSceneManifest_Generation = YES;
				INFOPLIST_KEY_UIApplicationSupportsIndirectInputEvents = YES;
				INFOPLIST_KEY_UILaunchScreen_Generation = YES;
				INFOPLIST_KEY_UISupportedInterfaceOrientations_iPad = "UIInterfaceOrientationPortrait UIInterfaceOrientationPortraitUpsideDown UIInterfaceOrientationLandscapeLeft UIInterfaceOrientationLandscapeRight";
				INFOPLIST_KEY_UISupportedInterfaceOrientations_iPhone = "UIInterfaceOrientationPortrait UIInterfaceOrientationLandscapeLeft UIInterfaceOrientationLandscapeRight";
				LD_RUNPATH_SEARCH_PATHS = (
					"$(inherited)",
					"@executable_path/Frameworks",
				);
				MARKETING_VERSION = 1.0;
				PRODUCT_BUNDLE_IDENTIFIER = com.teamsquirrel.SnackTrack;
				PRODUCT_NAME = "$(TARGET_NAME)";
				SWIFT_EMIT_LOC_STRINGS = YES;
				SWIFT_VERSION = 5.0;
				TARGETED_DEVICE_FAMILY = "1,2";
			};
			name = Release;
		};
/* End XCBuildConfiguration section */

/* Begin XCConfigurationList section */
		7B105AF727FE79D200EE1896 /* Build configuration list for PBXProject "SnackTrack" */ = {
			isa = XCConfigurationList;
			buildConfigurations = (
				7B105B0827FE79D200EE1896 /* Debug */,
				7B105B0927FE79D200EE1896 /* Release */,
			);
			defaultConfigurationIsVisible = 0;
			defaultConfigurationName = Release;
		};
		7B105B0A27FE79D200EE1896 /* Build configuration list for PBXNativeTarget "SnackTrack" */ = {
			isa = XCConfigurationList;
			buildConfigurations = (
				7B105B0B27FE79D200EE1896 /* Debug */,
				7B105B0C27FE79D200EE1896 /* Release */,
			);
			defaultConfigurationIsVisible = 0;
			defaultConfigurationName = Release;
		};
/* End XCConfigurationList section */

/* Begin XCVersionGroup section */
		7B105B0D27FFBAE100EE1896 /* SnackTrackDataModel.xcdatamodeld */ = {
			isa = XCVersionGroup;
			children = (
				7B105B0E27FFBAE100EE1896 /* SnackTrackDataModel.xcdatamodel */,
			);
			currentVersion = 7B105B0E27FFBAE100EE1896 /* SnackTrackDataModel.xcdatamodel */;
			path = SnackTrackDataModel.xcdatamodeld;
			sourceTree = "<group>";
			versionGroupType = wrapper.xcdatamodel;
		};
/* End XCVersionGroup section */
	};
	rootObject = 7B105AF427FE79D200EE1896 /* Project object */;
}
